<?xml version="1.0" encoding="utf-8"?>
<Project ToolsVersion="4.0" xmlns="http://schemas.microsoft.com/developer/msbuild/2003">
  <ItemGroup>
    <Filter Include="Core">
      <UniqueIdentifier>{b4fa5e92-12bd-473c-ba63-fb427a34189f}</UniqueIdentifier>
    </Filter>
    <Filter Include="Shader">
      <UniqueIdentifier>{961db2d8-6b52-4c34-bc70-58712e3e061b}</UniqueIdentifier>
    </Filter>
    <Filter Include="DirectXTK">
      <UniqueIdentifier>{cf2e9a92-16e5-4d6d-9a3c-0ea4416d32b4}</UniqueIdentifier>
    </Filter>
  </ItemGroup>
  <ItemGroup>
    <ClCompile Include="Core\CGame.cpp">
      <Filter>Core</Filter>
    </ClCompile>
    <ClCompile Include="Core\CShader.cpp">
      <Filter>Core</Filter>
    </ClCompile>
    <ClCompile Include="Main.cpp" />
    <ClCompile Include="Core\CObject2D.cpp">
      <Filter>Core</Filter>
    </ClCompile>
    <ClCompile Include="Core\CConstantBuffer.cpp">
      <Filter>Core</Filter>
    </ClCompile>
    <ClCompile Include="Core\CStarPool.cpp">
      <Filter>Core</Filter>
    </ClCompile>
  </ItemGroup>
  <ItemGroup>
    <ClInclude Include="Core\CGame.h">
      <Filter>Core</Filter>
    </ClInclude>
    <ClInclude Include="Core\CShader.h">
      <Filter>Core</Filter>
    </ClInclude>
    <ClInclude Include="Core\CObject2D.h">
      <Filter>Core</Filter>
    </ClInclude>
    <ClInclude Include="DirectXTK\Audio.h">
      <Filter>DirectXTK</Filter>
    </ClInclude>
    <ClInclude Include="DirectXTK\CommonStates.h">
      <Filter>DirectXTK</Filter>
    </ClInclude>
    <ClInclude Include="DirectXTK\DDSTextureLoader.h">
      <Filter>DirectXTK</Filter>
    </ClInclude>
    <ClInclude Include="DirectXTK\DirectXHelpers.h">
      <Filter>DirectXTK</Filter>
    </ClInclude>
    <ClInclude Include="DirectXTK\DirectXTK.h">
      <Filter>DirectXTK</Filter>
    </ClInclude>
    <ClInclude Include="DirectXTK\Effects.h">
      <Filter>DirectXTK</Filter>
    </ClInclude>
    <ClInclude Include="DirectXTK\GamePad.h">
      <Filter>DirectXTK</Filter>
    </ClInclude>
    <ClInclude Include="DirectXTK\GeometricPrimitive.h">
      <Filter>DirectXTK</Filter>
    </ClInclude>
    <ClInclude Include="DirectXTK\GraphicsMemory.h">
      <Filter>DirectXTK</Filter>
    </ClInclude>
    <ClInclude Include="DirectXTK\Keyboard.h">
      <Filter>DirectXTK</Filter>
    </ClInclude>
    <ClInclude Include="DirectXTK\Model.h">
      <Filter>DirectXTK</Filter>
    </ClInclude>
    <ClInclude Include="DirectXTK\Mouse.h">
      <Filter>DirectXTK</Filter>
    </ClInclude>
    <ClInclude Include="DirectXTK\PostProcess.h">
      <Filter>DirectXTK</Filter>
    </ClInclude>
    <ClInclude Include="DirectXTK\PrimitiveBatch.h">
      <Filter>DirectXTK</Filter>
    </ClInclude>
    <ClInclude Include="DirectXTK\ScreenGrab.h">
      <Filter>DirectXTK</Filter>
    </ClInclude>
    <ClInclude Include="DirectXTK\SimpleMath.h">
      <Filter>DirectXTK</Filter>
    </ClInclude>
    <ClInclude Include="DirectXTK\SpriteBatch.h">
      <Filter>DirectXTK</Filter>
    </ClInclude>
    <ClInclude Include="DirectXTK\SpriteFont.h">
      <Filter>DirectXTK</Filter>
    </ClInclude>
    <ClInclude Include="DirectXTK\VertexTypes.h">
      <Filter>DirectXTK</Filter>
    </ClInclude>
    <ClInclude Include="DirectXTK\WICTextureLoader.h">
      <Filter>DirectXTK</Filter>
    </ClInclude>
    <ClInclude Include="DirectXTK\XboxDDSTextureLoader.h">
      <Filter>DirectXTK</Filter>
    </ClInclude>
    <ClInclude Include="Core\SharedHeader.h">
      <Filter>Core</Filter>
    </ClInclude>
    <ClInclude Include="Core\CConstantBuffer.h">
      <Filter>Core</Filter>
    </ClInclude>
    <ClInclude Include="Core\Math.h">
      <Filter>Core</Filter>
    </ClInclude>
    <ClInclude Include="Core\CStarPool.h">
      <Filter>Core</Filter>
    </ClInclude>
  </ItemGroup>
  <ItemGroup>
    <FxCompile Include="Shader\VSDefault.hlsl">
      <Filter>Shader</Filter>
    </FxCompile>
    <FxCompile Include="Shader\PSDefault.hlsl">
      <Filter>Shader</Filter>
    </FxCompile>
  </ItemGroup>
  <ItemGroup>
    <Library Include="DirectXTK\DirectXTK.lib">
      <Filter>DirectXTK</Filter>
    </Library>
  </ItemGroup>
  <ItemGroup>
    <None Include="DirectXTK\SimpleMath.inl">
      <Filter>DirectXTK</Filter>
    </None>
    <None Include="Shader\iDefault.hlsli">
      <Filter>Shader</Filter>
    </None>
  </ItemGroup>
</Project>